// !$*UTF8*$!
{
	archiveVersion = 1;
	classes = {
	};
	objectVersion = 50;
	objects = {

/* Begin PBXBuildFile section */
		0174CF9F20AB6E6300B909FF /* MDVTabBarDataSource+Delegate.swift in Sources */ = {isa = PBXBuildFile; fileRef = 0174CF9A20AB6E6200B909FF /* MDVTabBarDataSource+Delegate.swift */; };
		0174CFA020AB6E6300B909FF /* MDVTabBarControllerDataSource+Delegate.swift in Sources */ = {isa = PBXBuildFile; fileRef = 0174CF9B20AB6E6200B909FF /* MDVTabBarControllerDataSource+Delegate.swift */; };
		0174CFA120AB6E6300B909FF /* MDVTabbableViewController.swift in Sources */ = {isa = PBXBuildFile; fileRef = 0174CF9C20AB6E6200B909FF /* MDVTabbableViewController.swift */; };
		0174CFA220AB6E6300B909FF /* MDVTabBarAnimatable.swift in Sources */ = {isa = PBXBuildFile; fileRef = 0174CF9D20AB6E6200B909FF /* MDVTabBarAnimatable.swift */; };
		0174CFA320AB6E6300B909FF /* MDVTabBarItemable.swift in Sources */ = {isa = PBXBuildFile; fileRef = 0174CF9E20AB6E6200B909FF /* MDVTabBarItemable.swift */; };
		0174CFA720AB6E7200B909FF /* MDVSlidingOverlayAnimator.swift in Sources */ = {isa = PBXBuildFile; fileRef = 0174CFA420AB6E7200B909FF /* MDVSlidingOverlayAnimator.swift */; };
		0174CFA820AB6E7200B909FF /* MDVUnderlineAnimator.swift in Sources */ = {isa = PBXBuildFile; fileRef = 0174CFA520AB6E7200B909FF /* MDVUnderlineAnimator.swift */; };
		0174CFA920AB6E7200B909FF /* MDVZoomAnimator.swift in Sources */ = {isa = PBXBuildFile; fileRef = 0174CFA620AB6E7200B909FF /* MDVZoomAnimator.swift */; };
		0174CFAD20AB6E7C00B909FF /* MDVTabBarItem.swift in Sources */ = {isa = PBXBuildFile; fileRef = 0174CFAA20AB6E7C00B909FF /* MDVTabBarItem.swift */; };
		0174CFAE20AB6E7C00B909FF /* MDVTabBar.swift in Sources */ = {isa = PBXBuildFile; fileRef = 0174CFAB20AB6E7C00B909FF /* MDVTabBar.swift */; };
		0174CFAF20AB6E7C00B909FF /* MDVTabBarController.swift in Sources */ = {isa = PBXBuildFile; fileRef = 0174CFAC20AB6E7C00B909FF /* MDVTabBarController.swift */; };
		01950FEF20AB6BE2006D5BBB /* MDVTabBarController.h in Headers */ = {isa = PBXBuildFile; fileRef = 01950FED20AB6BE2006D5BBB /* MDVTabBarController.h */; settings = {ATTRIBUTES = (Public, ); }; };
/* End PBXBuildFile section */

/* Begin PBXFileReference section */
		0174CF9A20AB6E6200B909FF /* MDVTabBarDataSource+Delegate.swift */ = {isa = PBXFileReference; fileEncoding = 4; lastKnownFileType = sourcecode.swift; path = "MDVTabBarDataSource+Delegate.swift"; sourceTree = "<group>"; };
		0174CF9B20AB6E6200B909FF /* MDVTabBarControllerDataSource+Delegate.swift */ = {isa = PBXFileReference; fileEncoding = 4; lastKnownFileType = sourcecode.swift; path = "MDVTabBarControllerDataSource+Delegate.swift"; sourceTree = "<group>"; };
		0174CF9C20AB6E6200B909FF /* MDVTabbableViewController.swift */ = {isa = PBXFileReference; fileEncoding = 4; lastKnownFileType = sourcecode.swift; path = MDVTabbableViewController.swift; sourceTree = "<group>"; };
		0174CF9D20AB6E6200B909FF /* MDVTabBarAnimatable.swift */ = {isa = PBXFileReference; fileEncoding = 4; lastKnownFileType = sourcecode.swift; path = MDVTabBarAnimatable.swift; sourceTree = "<group>"; };
		0174CF9E20AB6E6200B909FF /* MDVTabBarItemable.swift */ = {isa = PBXFileReference; fileEncoding = 4; lastKnownFileType = sourcecode.swift; path = MDVTabBarItemable.swift; sourceTree = "<group>"; };
		0174CFA420AB6E7200B909FF /* MDVSlidingOverlayAnimator.swift */ = {isa = PBXFileReference; fileEncoding = 4; lastKnownFileType = sourcecode.swift; path = MDVSlidingOverlayAnimator.swift; sourceTree = "<group>"; };
		0174CFA520AB6E7200B909FF /* MDVUnderlineAnimator.swift */ = {isa = PBXFileReference; fileEncoding = 4; lastKnownFileType = sourcecode.swift; path = MDVUnderlineAnimator.swift; sourceTree = "<group>"; };
		0174CFA620AB6E7200B909FF /* MDVZoomAnimator.swift */ = {isa = PBXFileReference; fileEncoding = 4; lastKnownFileType = sourcecode.swift; path = MDVZoomAnimator.swift; sourceTree = "<group>"; };
		0174CFAA20AB6E7C00B909FF /* MDVTabBarItem.swift */ = {isa = PBXFileReference; fileEncoding = 4; lastKnownFileType = sourcecode.swift; path = MDVTabBarItem.swift; sourceTree = "<group>"; };
		0174CFAB20AB6E7C00B909FF /* MDVTabBar.swift */ = {isa = PBXFileReference; fileEncoding = 4; lastKnownFileType = sourcecode.swift; path = MDVTabBar.swift; sourceTree = "<group>"; };
		0174CFAC20AB6E7C00B909FF /* MDVTabBarController.swift */ = {isa = PBXFileReference; fileEncoding = 4; lastKnownFileType = sourcecode.swift; path = MDVTabBarController.swift; sourceTree = "<group>"; };
		01950FEA20AB6BE2006D5BBB /* MDVTabBarController.framework */ = {isa = PBXFileReference; explicitFileType = wrapper.framework; includeInIndex = 0; path = MDVTabBarController.framework; sourceTree = BUILT_PRODUCTS_DIR; };
		01950FED20AB6BE2006D5BBB /* MDVTabBarController.h */ = {isa = PBXFileReference; lastKnownFileType = sourcecode.c.h; path = MDVTabBarController.h; sourceTree = "<group>"; };
		01950FEE20AB6BE2006D5BBB /* Info.plist */ = {isa = PBXFileReference; lastKnownFileType = text.plist.xml; path = Info.plist; sourceTree = "<group>"; };
/* End PBXFileReference section */

/* Begin PBXFrameworksBuildPhase section */
		01950FE620AB6BE2006D5BBB /* Frameworks */ = {
			isa = PBXFrameworksBuildPhase;
			buildActionMask = 2147483647;
			files = (
			);
			runOnlyForDeploymentPostprocessing = 0;
		};
/* End PBXFrameworksBuildPhase section */

/* Begin PBXGroup section */
		0174CF9620AB6E2000B909FF /* Source */ = {
			isa = PBXGroup;
			children = (
				0174CF9820AB6E2C00B909FF /* MDVTabBar */,
				0174CF9720AB6E2500B909FF /* Protocol */,
				0174CF9920AB6E4100B909FF /* Animator */,
			);
			path = Source;
			sourceTree = "<group>";
		};
		0174CF9720AB6E2500B909FF /* Protocol */ = {
			isa = PBXGroup;
			children = (
				0174CF9C20AB6E6200B909FF /* MDVTabbableViewController.swift */,
				0174CF9D20AB6E6200B909FF /* MDVTabBarAnimatable.swift */,
				0174CF9B20AB6E6200B909FF /* MDVTabBarControllerDataSource+Delegate.swift */,
				0174CF9A20AB6E6200B909FF /* MDVTabBarDataSource+Delegate.swift */,
				0174CF9E20AB6E6200B909FF /* MDVTabBarItemable.swift */,
			);
			path = Protocol;
			sourceTree = "<group>";
		};
		0174CF9820AB6E2C00B909FF /* MDVTabBar */ = {
			isa = PBXGroup;
			children = (
				0174CFAC20AB6E7C00B909FF /* MDVTabBarController.swift */,
				0174CFAB20AB6E7C00B909FF /* MDVTabBar.swift */,
				0174CFAA20AB6E7C00B909FF /* MDVTabBarItem.swift */,
			);
			path = MDVTabBar;
			sourceTree = "<group>";
		};
		0174CF9920AB6E4100B909FF /* Animator */ = {
			isa = PBXGroup;
			children = (
				0174CFA420AB6E7200B909FF /* MDVSlidingOverlayAnimator.swift */,
				0174CFA520AB6E7200B909FF /* MDVUnderlineAnimator.swift */,
				0174CFA620AB6E7200B909FF /* MDVZoomAnimator.swift */,
			);
			path = Animator;
			sourceTree = "<group>";
		};
		01950FE020AB6BE2006D5BBB = {
			isa = PBXGroup;
			children = (
				01950FEC20AB6BE2006D5BBB /* MDVTabBarController */,
				01950FEB20AB6BE2006D5BBB /* Products */,
			);
			sourceTree = "<group>";
		};
		01950FEB20AB6BE2006D5BBB /* Products */ = {
			isa = PBXGroup;
			children = (
				01950FEA20AB6BE2006D5BBB /* MDVTabBarController.framework */,
			);
			name = Products;
			sourceTree = "<group>";
		};
		01950FEC20AB6BE2006D5BBB /* MDVTabBarController */ = {
			isa = PBXGroup;
			children = (
				0174CF9620AB6E2000B909FF /* Source */,
				01950FED20AB6BE2006D5BBB /* MDVTabBarController.h */,
				01950FEE20AB6BE2006D5BBB /* Info.plist */,
			);
			path = MDVTabBarController;
			sourceTree = "<group>";
		};
/* End PBXGroup section */

/* Begin PBXHeadersBuildPhase section */
		01950FE720AB6BE2006D5BBB /* Headers */ = {
			isa = PBXHeadersBuildPhase;
			buildActionMask = 2147483647;
			files = (
				01950FEF20AB6BE2006D5BBB /* MDVTabBarController.h in Headers */,
			);
			runOnlyForDeploymentPostprocessing = 0;
		};
/* End PBXHeadersBuildPhase section */

/* Begin PBXNativeTarget section */
		01950FE920AB6BE2006D5BBB /* MDVTabBarController */ = {
			isa = PBXNativeTarget;
			buildConfigurationList = 01950FF220AB6BE2006D5BBB /* Build configuration list for PBXNativeTarget "MDVTabBarController" */;
			buildPhases = (
				01950FE520AB6BE2006D5BBB /* Sources */,
				01950FE620AB6BE2006D5BBB /* Frameworks */,
				01950FE720AB6BE2006D5BBB /* Headers */,
				01950FE820AB6BE2006D5BBB /* Resources */,
			);
			buildRules = (
			);
			dependencies = (
			);
			name = MDVTabBarController;
			productName = MDVTabBarController;
			productReference = 01950FEA20AB6BE2006D5BBB /* MDVTabBarController.framework */;
			productType = "com.apple.product-type.framework";
		};
/* End PBXNativeTarget section */

/* Begin PBXProject section */
		01950FE120AB6BE2006D5BBB /* Project object */ = {
			isa = PBXProject;
			attributes = {
				LastUpgradeCheck = 0930;
				ORGANIZATIONNAME = "Malcolm Kumwenda";
				TargetAttributes = {
					01950FE920AB6BE2006D5BBB = {
						CreatedOnToolsVersion = 9.3;
						LastSwiftMigration = 0930;
					};
				};
			};
			buildConfigurationList = 01950FE420AB6BE2006D5BBB /* Build configuration list for PBXProject "MDVTabBarController" */;
			compatibilityVersion = "Xcode 9.3";
			developmentRegion = en;
			hasScannedForEncodings = 0;
			knownRegions = (
				en,
			);
			mainGroup = 01950FE020AB6BE2006D5BBB;
			productRefGroup = 01950FEB20AB6BE2006D5BBB /* Products */;
			projectDirPath = "";
			projectRoot = "";
			targets = (
				01950FE920AB6BE2006D5BBB /* MDVTabBarController */,
			);
		};
/* End PBXProject section */

/* Begin PBXResourcesBuildPhase section */
		01950FE820AB6BE2006D5BBB /* Resources */ = {
			isa = PBXResourcesBuildPhase;
			buildActionMask = 2147483647;
			files = (
			);
			runOnlyForDeploymentPostprocessing = 0;
		};
/* End PBXResourcesBuildPhase section */

/* Begin PBXSourcesBuildPhase section */
		01950FE520AB6BE2006D5BBB /* Sources */ = {
			isa = PBXSourcesBuildPhase;
			buildActionMask = 2147483647;
			files = (
				0174CF9F20AB6E6300B909FF /* MDVTabBarDataSource+Delegate.swift in Sources */,
				0174CFAD20AB6E7C00B909FF /* MDVTabBarItem.swift in Sources */,
				0174CFA220AB6E6300B909FF /* MDVTabBarAnimatable.swift in Sources */,
				0174CFA320AB6E6300B909FF /* MDVTabBarItemable.swift in Sources */,
				0174CFA020AB6E6300B909FF /* MDVTabBarControllerDataSource+Delegate.swift in Sources */,
				0174CFA720AB6E7200B909FF /* MDVSlidingOverlayAnimator.swift in Sources */,
				0174CFA120AB6E6300B909FF /* MDVTabbableViewController.swift in Sources */,
				0174CFAE20AB6E7C00B909FF /* MDVTabBar.swift in Sources */,
				0174CFAF20AB6E7C00B909FF /* MDVTabBarController.swift in Sources */,
				0174CFA820AB6E7200B909FF /* MDVUnderlineAnimator.swift in Sources */,
				0174CFA920AB6E7200B909FF /* MDVZoomAnimator.swift in Sources */,
			);
			runOnlyForDeploymentPostprocessing = 0;
		};
/* End PBXSourcesBuildPhase section */

/* Begin XCBuildConfiguration section */
		01950FF020AB6BE2006D5BBB /* Debug */ = {
			isa = XCBuildConfiguration;
			buildSettings = {
				ALWAYS_SEARCH_USER_PATHS = NO;
				CLANG_ANALYZER_NONNULL = YES;
				CLANG_ANALYZER_NUMBER_OBJECT_CONVERSION = YES_AGGRESSIVE;
				CLANG_CXX_LANGUAGE_STANDARD = "gnu++14";
				CLANG_CXX_LIBRARY = "libc++";
				CLANG_ENABLE_MODULES = YES;
				CLANG_ENABLE_OBJC_ARC = YES;
				CLANG_ENABLE_OBJC_WEAK = YES;
				CLANG_WARN_BLOCK_CAPTURE_AUTORELEASING = YES;
				CLANG_WARN_BOOL_CONVERSION = YES;
				CLANG_WARN_COMMA = YES;
				CLANG_WARN_CONSTANT_CONVERSION = YES;
				CLANG_WARN_DEPRECATED_OBJC_IMPLEMENTATIONS = YES;
				CLANG_WARN_DIRECT_OBJC_ISA_USAGE = YES_ERROR;
				CLANG_WARN_DOCUMENTATION_COMMENTS = YES;
				CLANG_WARN_EMPTY_BODY = YES;
				CLANG_WARN_ENUM_CONVERSION = YES;
				CLANG_WARN_INFINITE_RECURSION = YES;
				CLANG_WARN_INT_CONVERSION = YES;
				CLANG_WARN_NON_LITERAL_NULL_CONVERSION = YES;
				CLANG_WARN_OBJC_IMPLICIT_RETAIN_SELF = YES;
				CLANG_WARN_OBJC_LITERAL_CONVERSION = YES;
				CLANG_WARN_OBJC_ROOT_CLASS = YES_ERROR;
				CLANG_WARN_RANGE_LOOP_ANALYSIS = YES;
				CLANG_WARN_STRICT_PROTOTYPES = YES;
				CLANG_WARN_SUSPICIOUS_MOVE = YES;
				CLANG_WARN_UNGUARDED_AVAILABILITY = YES_AGGRESSIVE;
				CLANG_WARN_UNREACHABLE_CODE = YES;
				CLANG_WARN__DUPLICATE_METHOD_MATCH = YES;
				CODE_SIGN_IDENTITY = "iPhone Developer";
				COPY_PHASE_STRIP = NO;
				CURRENT_PROJECT_VERSION = 1;
				DEBUG_INFORMATION_FORMAT = dwarf;
				ENABLE_STRICT_OBJC_MSGSEND = YES;
				ENABLE_TESTABILITY = YES;
				GCC_C_LANGUAGE_STANDARD = gnu11;
				GCC_DYNAMIC_NO_PIC = NO;
				GCC_NO_COMMON_BLOCKS = YES;
				GCC_OPTIMIZATION_LEVEL = 0;
				GCC_PREPROCESSOR_DEFINITIONS = (
					"DEBUG=1",
					"$(inherited)",
				);
				GCC_WARN_64_TO_32_BIT_CONVERSION = YES;
				GCC_WARN_ABOUT_RETURN_TYPE = YES_ERROR;
				GCC_WARN_UNDECLARED_SELECTOR = YES;
				GCC_WARN_UNINITIALIZED_AUTOS = YES_AGGRESSIVE;
				GCC_WARN_UNUSED_FUNCTION = YES;
				GCC_WARN_UNUSED_VARIABLE = YES;
				IPHONEOS_DEPLOYMENT_TARGET = 11.3;
				MTL_ENABLE_DEBUG_INFO = YES;
				ONLY_ACTIVE_ARCH = YES;
				SDKROOT = iphoneos;
				SWIFT_ACTIVE_COMPILATION_CONDITIONS = DEBUG;
				SWIFT_OPTIMIZATION_LEVEL = "-Onone";
				VERSIONING_SYSTEM = "apple-generic";
				VERSION_INFO_PREFIX = "";
			};
			name = Debug;
		};
		01950FF120AB6BE2006D5BBB /* Release */ = {
			isa = XCBuildConfiguration;
			buildSettings = {
				ALWAYS_SEARCH_USER_PATHS = NO;
				CLANG_ANALYZER_NONNULL = YES;
				CLANG_ANALYZER_NUMBER_OBJECT_CONVERSION = YES_AGGRESSIVE;
				CLANG_CXX_LANGUAGE_STANDARD = "gnu++14";
				CLANG_CXX_LIBRARY = "libc++";
				CLANG_ENABLE_MODULES = YES;
				CLANG_ENABLE_OBJC_ARC = YES;
				CLANG_ENABLE_OBJC_WEAK = YES;
				CLANG_WARN_BLOCK_CAPTURE_AUTORELEASING = YES;
				CLANG_WARN_BOOL_CONVERSION = YES;
				CLANG_WARN_COMMA = YES;
				CLANG_WARN_CONSTANT_CONVERSION = YES;
				CLANG_WARN_DEPRECATED_OBJC_IMPLEMENTATIONS = YES;
				CLANG_WARN_DIRECT_OBJC_ISA_USAGE = YES_ERROR;
				CLANG_WARN_DOCUMENTATION_COMMENTS = YES;
				CLANG_WARN_EMPTY_BODY = YES;
				CLANG_WARN_ENUM_CONVERSION = YES;
				CLANG_WARN_INFINITE_RECURSION = YES;
				CLANG_WARN_INT_CONVERSION = YES;
				CLANG_WARN_NON_LITERAL_NULL_CONVERSION = YES;
				CLANG_WARN_OBJC_IMPLICIT_RETAIN_SELF = YES;
				CLANG_WARN_OBJC_LITERAL_CONVERSION = YES;
				CLANG_WARN_OBJC_ROOT_CLASS = YES_ERROR;
				CLANG_WARN_RANGE_LOOP_ANALYSIS = YES;
				CLANG_WARN_STRICT_PROTOTYPES = YES;
				CLANG_WARN_SUSPICIOUS_MOVE = YES;
				CLANG_WARN_UNGUARDED_AVAILABILITY = YES_AGGRESSIVE;
				CLANG_WARN_UNREACHABLE_CODE = YES;
				CLANG_WARN__DUPLICATE_METHOD_MATCH = YES;
				CODE_SIGN_IDENTITY = "iPhone Developer";
				COPY_PHASE_STRIP = NO;
				CURRENT_PROJECT_VERSION = 1;
				DEBUG_INFORMATION_FORMAT = "dwarf-with-dsym";
				ENABLE_NS_ASSERTIONS = NO;
				ENABLE_STRICT_OBJC_MSGSEND = YES;
				GCC_C_LANGUAGE_STANDARD = gnu11;
				GCC_NO_COMMON_BLOCKS = YES;
				GCC_WARN_64_TO_32_BIT_CONVERSION = YES;
				GCC_WARN_ABOUT_RETURN_TYPE = YES_ERROR;
				GCC_WARN_UNDECLARED_SELECTOR = YES;
				GCC_WARN_UNINITIALIZED_AUTOS = YES_AGGRESSIVE;
				GCC_WARN_UNUSED_FUNCTION = YES;
				GCC_WARN_UNUSED_VARIABLE = YES;
				IPHONEOS_DEPLOYMENT_TARGET = 11.3;
				MTL_ENABLE_DEBUG_INFO = NO;
				SDKROOT = iphoneos;
				SWIFT_COMPILATION_MODE = wholemodule;
				SWIFT_OPTIMIZATION_LEVEL = "-O";
				VALIDATE_PRODUCT = YES;
				VERSIONING_SYSTEM = "apple-generic";
				VERSION_INFO_PREFIX = "";
			};
			name = Release;
		};
		01950FF320AB6BE2006D5BBB /* Debug */ = {
			isa = XCBuildConfiguration;
			buildSettings = {
				CLANG_ENABLE_MODULES = YES;
				CODE_SIGN_IDENTITY = "";
				CODE_SIGN_STYLE = Automatic;
				DEFINES_MODULE = YES;
				DEVELOPMENT_TEAM = B534EWRJTS;
				DYLIB_COMPATIBILITY_VERSION = 1;
				DYLIB_CURRENT_VERSION = 1;
				DYLIB_INSTALL_NAME_BASE = "@rpath";
				INFOPLIST_FILE = MDVTabBarController/Info.plist;
				INSTALL_PATH = "$(LOCAL_LIBRARY_DIR)/Frameworks";
				LD_RUNPATH_SEARCH_PATHS = (
					"$(inherited)",
					"@executable_path/Frameworks",
					"@loader_path/Frameworks",
				);
				PRODUCT_BUNDLE_IDENTIFIER = com.mdevsa.MDVTabBarController;
				PRODUCT_NAME = "$(TARGET_NAME:c99extidentifier)";
				SKIP_INSTALL = YES;
				SWIFT_OPTIMIZATION_LEVEL = "-Onone";
				SWIFT_VERSION = 4.0;
				TARGETED_DEVICE_FAMILY = "1,2";
			};
			name = Debug;
		};
		01950FF420AB6BE2006D5BBB /* Release */ = {
			isa = XCBuildConfiguration;
			buildSettings = {
				CLANG_ENABLE_MODULES = YES;
				CODE_SIGN_IDENTITY = "";
				CODE_SIGN_STYLE = Automatic;
				DEFINES_MODULE = YES;
				DEVELOPMENT_TEAM = B534EWRJTS;
				DYLIB_COMPATIBILITY_VERSION = 1;
				DYLIB_CURRENT_VERSION = 1;
				DYLIB_INSTALL_NAME_BASE = "@rpath";
				INFOPLIST_FILE = MDVTabBarController/Info.plist;
				INSTALL_PATH = "$(LOCAL_LIBRARY_DIR)/Frameworks";
				LD_RUNPATH_SEARCH_PATHS = (
					"$(inherited)",
					"@executable_path/Frameworks",
					"@loader_path/Frameworks",
				);
				PRODUCT_BUNDLE_IDENTIFIER = com.mdevsa.MDVTabBarController;
				PRODUCT_NAME = "$(TARGET_NAME:c99extidentifier)";
				SKIP_INSTALL = YES;
				SWIFT_VERSION = 4.0;
				TARGETED_DEVICE_FAMILY = "1,2";
			};
			name = Release;
		};
/* End XCBuildConfiguration section */

/* Begin XCConfigurationList section */
		01950FE420AB6BE2006D5BBB /* Build configuration list for PBXProject "MDVTabBarController" */ = {
			isa = XCConfigurationList;
			buildConfigurations = (
				01950FF020AB6BE2006D5BBB /* Debug */,
				01950FF120AB6BE2006D5BBB /* Release */,
			);
			defaultConfigurationIsVisible = 0;
			defaultConfigurationName = Release;
		};
		01950FF220AB6BE2006D5BBB /* Build configuration list for PBXNativeTarget "MDVTabBarController" */ = {
			isa = XCConfigurationList;
			buildConfigurations = (
				01950FF320AB6BE2006D5BBB /* Debug */,
				01950FF420AB6BE2006D5BBB /* Release */,
			);
			defaultConfigurationIsVisible = 0;
			defaultConfigurationName = Release;
		};
/* End XCConfigurationList section */
	};
	rootObject = 01950FE120AB6BE2006D5BBB /* Project object */;
}
